github.com/alessiosavi/GoGPUtils v0.0.14 h1:lUD8bnzG8//P4itQBLyh69TsxuXPOJxwO3sUCfDzRpU=
github.com/alessiosavi/GoGPUtils v0.0.14/go.mod h1:/WmsxaSa2Mant82VFkhj8w6+iAwdgksahgsnAxJr/WM=
github.com/alessiosavi/GoGPUtils v0.0.18 h1:WWR9edS8fYZCCJLKL6myHgeeXy2MxRhkiBw2i4zRd+w=
github.com/alessiosavi/GoGPUtils v0.0.18/go.mod h1:DRI9kEkT/ZZdHr+ESFOMfqWPHsO9WgjzyVXdfOGN83M=
github.com/alessiosavi/ahocorasick v0.0.3/go.mod h1:GlX7JXZTgFoEccsMg5JZVpjoe+NW7Nk+3b5ldtGP5oU=
